
Microsoft Visual Studio Solution File, Format Version 12.00
# Visual Studio 15
VisualStudioVersion = 15.0.26430.12
MinimumVisualStudioVersion = 10.0.40219.1
Project("{FAE04EC0-301F-11D3-BF4B-00C04F79EFBC}") = "cqrs-angular2-nosql", "cqrs-angular2-nosql\cqrs-angular2-nosql.csproj", "{C05FE8B3-C9B1-4A8C-838A-6280C20AE9BE}"
EndProject
Project("{2150E333-8FDC-42A3-9474-1A3956D46DE8}") = "0 - Presentation", "0 - Presentation", "{BC44C2C2-02D8-459B-BD1E-F92CD9F7561F}"
EndProject
Project("{2150E333-8FDC-42A3-9474-1A3956D46DE8}") = "1 - Application", "1 - Application", "{25A20E4B-183E-42B1-9433-499ED4F22DF8}"
EndProject
Project("{2150E333-8FDC-42A3-9474-1A3956D46DE8}") = "2 - Domain", "2 - Domain", "{A273C321-81E9-4DCF-9685-B3C492B14330}"
EndProject
Project("{2150E333-8FDC-42A3-9474-1A3956D46DE8}") = "3 - Infra", "3 - Infra", "{EA97BFB1-ADC2-4CED-A335-72D3FFB688BB}"
EndProject
Project("{FAE04EC0-301F-11D3-BF4B-00C04F79EFBC}") = "cqrs-angular2-nosql.VM", "cqrs-angular2-nosql.VM\cqrs-angular2-nosql.VM.csproj", "{3C7980F4-1433-4566-B671-23785F4C697F}"
EndProject
Project("{FAE04EC0-301F-11D3-BF4B-00C04F79EFBC}") = "cqrs-angular2-nosql.Application", "cqrs-angular2-nosql.Application\cqrs-angular2-nosql.Application.csproj", "{DA61E706-849C-42E5-A9A7-F888A97B1442}"
EndProject
Project("{FAE04EC0-301F-11D3-BF4B-00C04F79EFBC}") = "cqrs-angular2-nosql.Domain", "cqrs-angular2-nosql.Domain\cqrs-angular2-nosql.Domain.csproj", "{9240505D-D32E-42B2-9E07-4ACAD363748A}"
EndProject
Project("{2150E333-8FDC-42A3-9474-1A3956D46DE8}") = "3.1 - Data", "3.1 - Data", "{CFB5C6EC-F264-4EB6-BDF8-4E51A3AE4FBE}"
EndProject
Project("{2150E333-8FDC-42A3-9474-1A3956D46DE8}") = "3.2 - Cross-Cutting", "3.2 - Cross-Cutting", "{BC5843DC-405C-4472-A039-F5C274C16D17}"
EndProject
Global
	GlobalSection(SolutionConfigurationPlatforms) = preSolution
		Debug|Any CPU = Debug|Any CPU
		Release|Any CPU = Release|Any CPU
	EndGlobalSection
	GlobalSection(ProjectConfigurationPlatforms) = postSolution
		{C05FE8B3-C9B1-4A8C-838A-6280C20AE9BE}.Debug|Any CPU.ActiveCfg = Debug|Any CPU
		{C05FE8B3-C9B1-4A8C-838A-6280C20AE9BE}.Debug|Any CPU.Build.0 = Debug|Any CPU
		{C05FE8B3-C9B1-4A8C-838A-6280C20AE9BE}.Release|Any CPU.ActiveCfg = Release|Any CPU
		{C05FE8B3-C9B1-4A8C-838A-6280C20AE9BE}.Release|Any CPU.Build.0 = Release|Any CPU
		{3C7980F4-1433-4566-B671-23785F4C697F}.Debug|Any CPU.ActiveCfg = Debug|Any CPU
		{3C7980F4-1433-4566-B671-23785F4C697F}.Debug|Any CPU.Build.0 = Debug|Any CPU
		{3C7980F4-1433-4566-B671-23785F4C697F}.Release|Any CPU.ActiveCfg = Release|Any CPU
		{3C7980F4-1433-4566-B671-23785F4C697F}.Release|Any CPU.Build.0 = Release|Any CPU
		{DA61E706-849C-42E5-A9A7-F888A97B1442}.Debug|Any CPU.ActiveCfg = Debug|Any CPU
		{DA61E706-849C-42E5-A9A7-F888A97B1442}.Debug|Any CPU.Build.0 = Debug|Any CPU
		{DA61E706-849C-42E5-A9A7-F888A97B1442}.Release|Any CPU.ActiveCfg = Release|Any CPU
		{DA61E706-849C-42E5-A9A7-F888A97B1442}.Release|Any CPU.Build.0 = Release|Any CPU
		{9240505D-D32E-42B2-9E07-4ACAD363748A}.Debug|Any CPU.ActiveCfg = Debug|Any CPU
		{9240505D-D32E-42B2-9E07-4ACAD363748A}.Debug|Any CPU.Build.0 = Debug|Any CPU
		{9240505D-D32E-42B2-9E07-4ACAD363748A}.Release|Any CPU.ActiveCfg = Release|Any CPU
		{9240505D-D32E-42B2-9E07-4ACAD363748A}.Release|Any CPU.Build.0 = Release|Any CPU
	EndGlobalSection
	GlobalSection(SolutionProperties) = preSolution
		HideSolutionNode = FALSE
	EndGlobalSection
	GlobalSection(NestedProjects) = preSolution
		{C05FE8B3-C9B1-4A8C-838A-6280C20AE9BE} = {BC44C2C2-02D8-459B-BD1E-F92CD9F7561F}
		{3C7980F4-1433-4566-B671-23785F4C697F} = {BC44C2C2-02D8-459B-BD1E-F92CD9F7561F}
		{DA61E706-849C-42E5-A9A7-F888A97B1442} = {25A20E4B-183E-42B1-9433-499ED4F22DF8}
		{9240505D-D32E-42B2-9E07-4ACAD363748A} = {A273C321-81E9-4DCF-9685-B3C492B14330}
		{CFB5C6EC-F264-4EB6-BDF8-4E51A3AE4FBE} = {EA97BFB1-ADC2-4CED-A335-72D3FFB688BB}
		{BC5843DC-405C-4472-A039-F5C274C16D17} = {EA97BFB1-ADC2-4CED-A335-72D3FFB688BB}
	EndGlobalSection
EndGlobal
